<?xml version="1.0" encoding="utf-8"?>
<Project ToolsVersion="4.0" xmlns="http://schemas.microsoft.com/developer/msbuild/2003">
  <ItemGroup>
    <Filter Include="源文件">
      <UniqueIdentifier>{4FC737F1-C7A5-4376-A066-2A32D752A2FF}</UniqueIdentifier>
      <Extensions>cpp;c;cc;cxx;def;odl;idl;hpj;bat;asm;asmx</Extensions>
    </Filter>
    <Filter Include="头文件">
      <UniqueIdentifier>{93995380-89BD-4b04-88EB-625FBE52EBFB}</UniqueIdentifier>
      <Extensions>h;hh;hpp;hxx;hm;inl;inc;xsd</Extensions>
    </Filter>
    <Filter Include="资源文件">
      <UniqueIdentifier>{67DA6AB6-F800-4c08-8B7A-83BB121AAD01}</UniqueIdentifier>
      <Extensions>rc;ico;cur;bmp;dlg;rc2;rct;bin;rgs;gif;jpg;jpeg;jpe;resx;tiff;tif;png;wav;mfcribbon-ms</Extensions>
    </Filter>
    <Filter Include="源文件\libvterm">
      <UniqueIdentifier>{5fdfd866-6427-4440-b864-247437344f49}</UniqueIdentifier>
    </Filter>
    <Filter Include="源文件\libvterm\src">
      <UniqueIdentifier>{21669354-7fda-4b30-accb-8284dde25e70}</UniqueIdentifier>
    </Filter>
  </ItemGroup>
  <ItemGroup>
    <Text Include="ReadMe.txt" />
  </ItemGroup>
  <ItemGroup>
    <ClCompile Include="..\vimsrc\src\libvterm\src\encoding.c">
      <Filter>源文件\libvterm\src</Filter>
    </ClCompile>
    <ClCompile Include="..\vimsrc\src\libvterm\src\keyboard.c">
      <Filter>源文件\libvterm\src</Filter>
    </ClCompile>
    <ClCompile Include="..\vimsrc\src\libvterm\src\mouse.c">
      <Filter>源文件\libvterm\src</Filter>
    </ClCompile>
    <ClCompile Include="..\vimsrc\src\libvterm\src\parser.c">
      <Filter>源文件\libvterm\src</Filter>
    </ClCompile>
    <ClCompile Include="..\vimsrc\src\libvterm\src\pen.c">
      <Filter>源文件\libvterm\src</Filter>
    </ClCompile>
    <ClCompile Include="..\vimsrc\src\libvterm\src\screen.c">
      <Filter>源文件\libvterm\src</Filter>
    </ClCompile>
    <ClCompile Include="..\vimsrc\src\libvterm\src\state.c">
      <Filter>源文件\libvterm\src</Filter>
    </ClCompile>
    <ClCompile Include="..\vimsrc\src\libvterm\src\unicode.c">
      <Filter>源文件\libvterm\src</Filter>
    </ClCompile>
    <ClCompile Include="..\vimsrc\src\libvterm\src\vterm.c">
      <Filter>源文件\libvterm\src</Filter>
    </ClCompile>
    <ClCompile Include="..\vimsrc\src\arabic.c">
      <Filter>源文件</Filter>
    </ClCompile>
    <ClCompile Include="..\vimsrc\src\beval.c">
      <Filter>源文件</Filter>
    </ClCompile>
    <ClCompile Include="..\vimsrc\src\blowfish.c">
      <Filter>源文件</Filter>
    </ClCompile>
    <ClCompile Include="..\vimsrc\src\buffer.c">
      <Filter>源文件</Filter>
    </ClCompile>
    <ClCompile Include="..\vimsrc\src\channel.c">
      <Filter>源文件</Filter>
    </ClCompile>
    <ClCompile Include="..\vimsrc\src\charset.c">
      <Filter>源文件</Filter>
    </ClCompile>
    <ClCompile Include="..\vimsrc\src\crypt.c">
      <Filter>源文件</Filter>
    </ClCompile>
    <ClCompile Include="..\vimsrc\src\crypt_zip.c">
      <Filter>源文件</Filter>
    </ClCompile>
    <ClCompile Include="..\vimsrc\src\dict.c">
      <Filter>源文件</Filter>
    </ClCompile>
    <ClCompile Include="..\vimsrc\src\diff.c">
      <Filter>源文件</Filter>
    </ClCompile>
    <ClCompile Include="..\vimsrc\src\digraph.c">
      <Filter>源文件</Filter>
    </ClCompile>
    <ClCompile Include="..\vimsrc\src\edit.c">
      <Filter>源文件</Filter>
    </ClCompile>
    <ClCompile Include="..\vimsrc\src\eval.c">
      <Filter>源文件</Filter>
    </ClCompile>
    <ClCompile Include="..\vimsrc\src\evalfunc.c">
      <Filter>源文件</Filter>
    </ClCompile>
    <ClCompile Include="..\vimsrc\src\ex_cmds.c">
      <Filter>源文件</Filter>
    </ClCompile>
    <ClCompile Include="..\vimsrc\src\ex_cmds2.c">
      <Filter>源文件</Filter>
    </ClCompile>
    <ClCompile Include="..\vimsrc\src\ex_docmd.c">
      <Filter>源文件</Filter>
    </ClCompile>
    <ClCompile Include="..\vimsrc\src\ex_eval.c">
      <Filter>源文件</Filter>
    </ClCompile>
    <ClCompile Include="..\vimsrc\src\ex_getln.c">
      <Filter>源文件</Filter>
    </ClCompile>
    <ClCompile Include="..\vimsrc\src\farsi.c">
      <Filter>源文件</Filter>
    </ClCompile>
    <ClCompile Include="..\vimsrc\src\fileio.c">
      <Filter>源文件</Filter>
    </ClCompile>
    <ClCompile Include="..\vimsrc\src\fold.c">
      <Filter>源文件</Filter>
    </ClCompile>
    <ClCompile Include="..\vimsrc\src\getchar.c">
      <Filter>源文件</Filter>
    </ClCompile>
    <ClCompile Include="..\vimsrc\src\hardcopy.c">
      <Filter>源文件</Filter>
    </ClCompile>
    <ClCompile Include="..\vimsrc\src\hashtab.c">
      <Filter>源文件</Filter>
    </ClCompile>
    <ClCompile Include="..\vimsrc\src\if_cscope.c">
      <Filter>源文件</Filter>
    </ClCompile>
    <ClCompile Include="..\vimsrc\src\json.c">
      <Filter>源文件</Filter>
    </ClCompile>
    <ClCompile Include="..\vimsrc\src\libvterm\src\encoding.c">
      <Filter>源文件</Filter>
    </ClCompile>
    <ClCompile Include="..\vimsrc\src\libvterm\src\keyboard.c">
      <Filter>源文件</Filter>
    </ClCompile>
    <ClCompile Include="..\vimsrc\src\libvterm\src\mouse.c">
      <Filter>源文件</Filter>
    </ClCompile>
    <ClCompile Include="..\vimsrc\src\libvterm\src\parser.c">
      <Filter>源文件</Filter>
    </ClCompile>
    <ClCompile Include="..\vimsrc\src\libvterm\src\pen.c">
      <Filter>源文件</Filter>
    </ClCompile>
    <ClCompile Include="..\vimsrc\src\libvterm\src\screen.c">
      <Filter>源文件</Filter>
    </ClCompile>
    <ClCompile Include="..\vimsrc\src\libvterm\src\state.c">
      <Filter>源文件</Filter>
    </ClCompile>
    <ClCompile Include="..\vimsrc\src\libvterm\src\unicode.c">
      <Filter>源文件</Filter>
    </ClCompile>
    <ClCompile Include="..\vimsrc\src\libvterm\src\vterm.c">
      <Filter>源文件</Filter>
    </ClCompile>
    <ClCompile Include="..\vimsrc\src\list.c">
      <Filter>源文件</Filter>
    </ClCompile>
    <ClCompile Include="..\vimsrc\src\main.c">
      <Filter>源文件</Filter>
    </ClCompile>
    <ClCompile Include="..\vimsrc\src\mark.c">
      <Filter>源文件</Filter>
    </ClCompile>
    <ClCompile Include="..\vimsrc\src\mbyte.c">
      <Filter>源文件</Filter>
    </ClCompile>
    <ClCompile Include="..\vimsrc\src\memfile.c">
      <Filter>源文件</Filter>
    </ClCompile>
    <ClCompile Include="..\vimsrc\src\memline.c">
      <Filter>源文件</Filter>
    </ClCompile>
    <ClCompile Include="..\vimsrc\src\menu.c">
      <Filter>源文件</Filter>
    </ClCompile>
    <ClCompile Include="..\vimsrc\src\message.c">
      <Filter>源文件</Filter>
    </ClCompile>
    <ClCompile Include="..\vimsrc\src\misc1.c">
      <Filter>源文件</Filter>
    </ClCompile>
    <ClCompile Include="..\vimsrc\src\misc2.c">
      <Filter>源文件</Filter>
    </ClCompile>
    <ClCompile Include="..\vimsrc\src\move.c">
      <Filter>源文件</Filter>
    </ClCompile>
    <ClCompile Include="..\vimsrc\src\normal.c">
      <Filter>源文件</Filter>
    </ClCompile>
    <ClCompile Include="..\vimsrc\src\ops.c">
      <Filter>源文件</Filter>
    </ClCompile>
    <ClCompile Include="..\vimsrc\src\option.c">
      <Filter>源文件</Filter>
    </ClCompile>
    <ClCompile Include="..\vimsrc\src\os_mswin.c">
      <Filter>源文件</Filter>
    </ClCompile>
    <ClCompile Include="..\vimsrc\src\terminal.c">
      <Filter>源文件</Filter>
    </ClCompile>
    <ClCompile Include="..\vimsrc\src\version.c">
      <Filter>源文件</Filter>
    </ClCompile>
    <ClCompile Include="..\vimsrc\src\winclip.c">
      <Filter>源文件</Filter>
    </ClCompile>
    <ClCompile Include="..\vimsrc\src\os_win32.c">
      <Filter>源文件</Filter>
    </ClCompile>
    <ClCompile Include="..\vimsrc\src\popupmnu.c">
      <Filter>源文件</Filter>
    </ClCompile>
    <ClCompile Include="..\vimsrc\src\quickfix.c">
      <Filter>源文件</Filter>
    </ClCompile>
    <ClCompile Include="..\vimsrc\src\regexp.c">
      <Filter>源文件</Filter>
    </ClCompile>
    <ClCompile Include="..\vimsrc\src\screen.c">
      <Filter>源文件</Filter>
    </ClCompile>
    <ClCompile Include="..\vimsrc\src\search.c">
      <Filter>源文件</Filter>
    </ClCompile>
    <ClCompile Include="..\vimsrc\src\sha256.c">
      <Filter>源文件</Filter>
    </ClCompile>
    <ClCompile Include="..\vimsrc\src\spell.c">
      <Filter>源文件</Filter>
    </ClCompile>
    <ClCompile Include="..\vimsrc\src\spellfile.c">
      <Filter>源文件</Filter>
    </ClCompile>
    <ClCompile Include="..\vimsrc\src\syntax.c">
      <Filter>源文件</Filter>
    </ClCompile>
    <ClCompile Include="..\vimsrc\src\tag.c">
      <Filter>源文件</Filter>
    </ClCompile>
    <ClCompile Include="..\vimsrc\src\term.c">
      <Filter>源文件</Filter>
    </ClCompile>
    <ClCompile Include="..\vimsrc\src\ui.c">
      <Filter>源文件</Filter>
    </ClCompile>
    <ClCompile Include="..\vimsrc\src\undo.c">
      <Filter>源文件</Filter>
    </ClCompile>
    <ClCompile Include="..\vimsrc\src\userfunc.c">
      <Filter>源文件</Filter>
    </ClCompile>
    <ClCompile Include="..\vimsrc\src\window.c">
      <Filter>源文件</Filter>
    </ClCompile>
    <ClCompile Include="..\vimsrc\src\gui.c">
      <Filter>源文件</Filter>
    </ClCompile>
    <ClCompile Include="..\vimsrc\src\gui_beval.c">
      <Filter>源文件</Filter>
    </ClCompile>
    <ClCompile Include="..\vimsrc\src\gui_w32.c">
      <Filter>源文件</Filter>
    </ClCompile>
    <ClCompile Include="..\vimsrc\src\os_w32exe.c">
      <Filter>源文件</Filter>
    </ClCompile>
    <ClCompile Include="..\vimsrc\src\gui_dwrite.cpp">
      <Filter>源文件</Filter>
    </ClCompile>
    <ClCompile Include="..\vimsrc\src\netbeans.c">
      <Filter>源文件</Filter>
    </ClCompile>
    <ClCompile Include="..\vimsrc\src\xpm_w32.c">
      <Filter>源文件</Filter>
    </ClCompile>
    <ClCompile Include="..\vimsrc\src\ObjGXAMD64\pathdef.c">
      <Filter>源文件</Filter>
    </ClCompile>
  </ItemGroup>
  <ItemGroup>
    <ClInclude Include="..\vimsrc\src\arabic.h">
      <Filter>头文件</Filter>
    </ClInclude>
  </ItemGroup>
  <ItemGroup>
    <Resource Include="..\vimsrc\src\ObjGXAMD64\vim.res">
      <Filter>资源文件</Filter>
    </Resource>
  </ItemGroup>
</Project>